
Microsoft Visual Studio Solution File, Format Version 12.00
# Visual Studio 15
VisualStudioVersion = 15.0.27428.2037
MinimumVisualStudioVersion = 10.0.40219.1
Project("{8BC9CEB8-8B4A-11D0-8D11-00A0C91BC942}") = "15_5May", "15_5May\15_5May.vcxproj", "{862C605E-0374-4AF8-B2F2-0C7715856E4D}"
EndProject
Project("{8BC9CEB8-8B4A-11D0-8D11-00A0C91BC942}") = "15_5.2May", "15_5.2May\15_5.2May.vcxproj", "{CC899CAE-4E3C-47A6-9733-D142A4C39393}"
EndProject
Project("{8BC9CEB8-8B4A-11D0-8D11-00A0C91BC942}") = "15_5.3lar", "15_5.3lar\15_5.3lar.vcxproj", "{62A2B516-528A-4878-BB30-714C7DDEFD69}"
EndProject
Project("{8BC9CEB8-8B4A-11D0-8D11-00A0C91BC942}") = "model", "model\model.vcxproj", "{EE620626-1B28-4281-BD05-DE523FD34033}"
EndProject
Project("{8BC9CEB8-8B4A-11D0-8D11-00A0C91BC942}") = "15_5.4", "15_5.4\15_5.4.vcxproj", "{56A2BEB2-3CEB-41BB-AD5A-2BCE3152ACA1}"
EndProject
Global
	GlobalSection(SolutionConfigurationPlatforms) = preSolution
		Debug|x64 = Debug|x64
		Debug|x86 = Debug|x86
		Release|x64 = Release|x64
		Release|x86 = Release|x86
	EndGlobalSection
	GlobalSection(ProjectConfigurationPlatforms) = postSolution
		{862C605E-0374-4AF8-B2F2-0C7715856E4D}.Debug|x64.ActiveCfg = Debug|x64
		{862C605E-0374-4AF8-B2F2-0C7715856E4D}.Debug|x64.Build.0 = Debug|x64
		{862C605E-0374-4AF8-B2F2-0C7715856E4D}.Debug|x86.ActiveCfg = Debug|Win32
		{862C605E-0374-4AF8-B2F2-0C7715856E4D}.Debug|x86.Build.0 = Debug|Win32
		{862C605E-0374-4AF8-B2F2-0C7715856E4D}.Release|x64.ActiveCfg = Release|x64
		{862C605E-0374-4AF8-B2F2-0C7715856E4D}.Release|x64.Build.0 = Release|x64
		{862C605E-0374-4AF8-B2F2-0C7715856E4D}.Release|x86.ActiveCfg = Release|Win32
		{862C605E-0374-4AF8-B2F2-0C7715856E4D}.Release|x86.Build.0 = Release|Win32
		{CC899CAE-4E3C-47A6-9733-D142A4C39393}.Debug|x64.ActiveCfg = Debug|x64
		{CC899CAE-4E3C-47A6-9733-D142A4C39393}.Debug|x64.Build.0 = Debug|x64
		{CC899CAE-4E3C-47A6-9733-D142A4C39393}.Debug|x86.ActiveCfg = Debug|Win32
		{CC899CAE-4E3C-47A6-9733-D142A4C39393}.Debug|x86.Build.0 = Debug|Win32
		{CC899CAE-4E3C-47A6-9733-D142A4C39393}.Release|x64.ActiveCfg = Release|x64
		{CC899CAE-4E3C-47A6-9733-D142A4C39393}.Release|x64.Build.0 = Release|x64
		{CC899CAE-4E3C-47A6-9733-D142A4C39393}.Release|x86.ActiveCfg = Release|Win32
		{CC899CAE-4E3C-47A6-9733-D142A4C39393}.Release|x86.Build.0 = Release|Win32
		{62A2B516-528A-4878-BB30-714C7DDEFD69}.Debug|x64.ActiveCfg = Debug|x64
		{62A2B516-528A-4878-BB30-714C7DDEFD69}.Debug|x64.Build.0 = Debug|x64
		{62A2B516-528A-4878-BB30-714C7DDEFD69}.Debug|x86.ActiveCfg = Debug|Win32
		{62A2B516-528A-4878-BB30-714C7DDEFD69}.Debug|x86.Build.0 = Debug|Win32
		{62A2B516-528A-4878-BB30-714C7DDEFD69}.Release|x64.ActiveCfg = Release|x64
		{62A2B516-528A-4878-BB30-714C7DDEFD69}.Release|x64.Build.0 = Release|x64
		{62A2B516-528A-4878-BB30-714C7DDEFD69}.Release|x86.ActiveCfg = Release|Win32
		{62A2B516-528A-4878-BB30-714C7DDEFD69}.Release|x86.Build.0 = Release|Win32
		{EE620626-1B28-4281-BD05-DE523FD34033}.Debug|x64.ActiveCfg = Debug|x64
		{EE620626-1B28-4281-BD05-DE523FD34033}.Debug|x64.Build.0 = Debug|x64
		{EE620626-1B28-4281-BD05-DE523FD34033}.Debug|x86.ActiveCfg = Debug|Win32
		{EE620626-1B28-4281-BD05-DE523FD34033}.Debug|x86.Build.0 = Debug|Win32
		{EE620626-1B28-4281-BD05-DE523FD34033}.Release|x64.ActiveCfg = Release|x64
		{EE620626-1B28-4281-BD05-DE523FD34033}.Release|x64.Build.0 = Release|x64
		{EE620626-1B28-4281-BD05-DE523FD34033}.Release|x86.ActiveCfg = Release|Win32
		{EE620626-1B28-4281-BD05-DE523FD34033}.Release|x86.Build.0 = Release|Win32
		{56A2BEB2-3CEB-41BB-AD5A-2BCE3152ACA1}.Debug|x64.ActiveCfg = Debug|x64
		{56A2BEB2-3CEB-41BB-AD5A-2BCE3152ACA1}.Debug|x64.Build.0 = Debug|x64
		{56A2BEB2-3CEB-41BB-AD5A-2BCE3152ACA1}.Debug|x86.ActiveCfg = Debug|Win32
		{56A2BEB2-3CEB-41BB-AD5A-2BCE3152ACA1}.Debug|x86.Build.0 = Debug|Win32
		{56A2BEB2-3CEB-41BB-AD5A-2BCE3152ACA1}.Release|x64.ActiveCfg = Release|x64
		{56A2BEB2-3CEB-41BB-AD5A-2BCE3152ACA1}.Release|x64.Build.0 = Release|x64
		{56A2BEB2-3CEB-41BB-AD5A-2BCE3152ACA1}.Release|x86.ActiveCfg = Release|Win32
		{56A2BEB2-3CEB-41BB-AD5A-2BCE3152ACA1}.Release|x86.Build.0 = Release|Win32
	EndGlobalSection
	GlobalSection(SolutionProperties) = preSolution
		HideSolutionNode = FALSE
	EndGlobalSection
	GlobalSection(ExtensibilityGlobals) = postSolution
		SolutionGuid = {BD7B94DB-A8F0-434B-A46A-3E2947BB02EC}
	EndGlobalSection
EndGlobal
